{
  "version": 4,
  "terraform_version": "1.14.3",
  "serial": 43,
  "lineage": "68745952-4765-940e-5af7-75e42890c8c6",
  "outputs": {},
  "resources": [
    {
      "module": "module.azure_bation",
      "mode": "data",
      "type": "azurerm_public_ip",
      "name": "pip",
      "provider": "provider[\"registry.terraform.io/hashicorp/azurerm\"]",
      "instances": [
        {
          "index_key": "bastion1",
          "schema_version": 0,
          "attributes": {
            "allocation_method": "Static",
            "ddos_protection_mode": "VirtualNetworkInherited",
            "ddos_protection_plan_id": null,
            "domain_name_label": "",
            "fqdn": "",
            "id": "/subscriptions/02e2bf71-710c-4170-b8d6-c0cf2ca7551b/resourceGroups/mehar_app-rg/providers/Microsoft.Network/publicIPAddresses/mehar-bastion-pip",
            "idle_timeout_in_minutes": 4,
            "ip_address": "20.169.170.118",
            "ip_tags": {},
            "ip_version": "IPv4",
            "location": "eastus",
            "name": "mehar-bastion-pip",
            "resource_group_name": "mehar_app-rg",
            "reverse_fqdn": "",
            "sku": "Standard",
            "tags": {},
            "timeouts": null,
            "zones": []
          },
          "sensitive_attributes": [],
          "identity_schema_version": 0
        }
      ]
    },
    {
      "module": "module.azure_bation",
      "mode": "managed",
      "type": "azurerm_bastion_host",
      "name": "bastion",
      "provider": "provider[\"registry.terraform.io/hashicorp/azurerm\"]",
      "instances": [
        {
          "index_key": "bastion1",
          "schema_version": 0,
          "attributes": {
            "copy_paste_enabled": true,
            "dns_name": "bst-d0d90cf9-9189-48af-8f1a-adccf4b050d7.bastion.azure.com",
            "file_copy_enabled": false,
            "id": "/subscriptions/02e2bf71-710c-4170-b8d6-c0cf2ca7551b/resourceGroups/mehar_app-rg/providers/Microsoft.Network/bastionHosts/mehar-bastion",
            "ip_configuration": [
              {
                "name": "configuration",
                "public_ip_address_id": "/subscriptions/02e2bf71-710c-4170-b8d6-c0cf2ca7551b/resourceGroups/mehar_app-rg/providers/Microsoft.Network/publicIPAddresses/mehar-bastion-pip",
                "subnet_id": "/subscriptions/02e2bf71-710c-4170-b8d6-c0cf2ca7551b/resourceGroups/mehar_app-rg/providers/Microsoft.Network/virtualNetworks/meharVnet/subnets/AzureBastionSubnet"
              }
            ],
            "ip_connect_enabled": false,
            "kerberos_enabled": false,
            "location": "eastus",
            "name": "mehar-bastion",
            "resource_group_name": "mehar_app-rg",
            "scale_units": 2,
            "session_recording_enabled": false,
            "shareable_link_enabled": false,
            "sku": "Basic",
            "tags": {},
            "timeouts": null,
            "tunneling_enabled": false,
            "virtual_network_id": "",
            "zones": []
          },
          "sensitive_attributes": [],
          "identity_schema_version": 0,
          "private": "eyJlMmJmYjczMC1lY2FhLTExZTYtOGY4OC0zNDM2M2JjN2M0YzAiOnsiY3JlYXRlIjoxODAwMDAwMDAwMDAwLCJkZWxldGUiOjE4MDAwMDAwMDAwMDAsInJlYWQiOjMwMDAwMDAwMDAwMCwidXBkYXRlIjoxODAwMDAwMDAwMDAwfX0=",
          "dependencies": [
            "module.azure_bation.azurerm_subnet.bastion_subnet",
            "module.azure_bation.data.azurerm_public_ip.pip",
            "module.public_Ip.azurerm_public_ip.pip",
            "module.resource_group.azurerm_resource_group.rg",
            "module.subnet.azurerm_subnet.subnet",
            "module.virtual_network.azurerm_virtual_network.vnet"
          ]
        }
      ]
    },
    {
      "module": "module.azure_bation",
      "mode": "managed",
      "type": "azurerm_subnet",
      "name": "bastion_subnet",
      "provider": "provider[\"registry.terraform.io/hashicorp/azurerm\"]",
      "instances": [
        {
          "index_key": "bastion1",
          "schema_version": 0,
          "attributes": {
            "address_prefixes": [
              "10.0.3.0/27"
            ],
            "default_outbound_access_enabled": true,
            "delegation": [],
            "id": "/subscriptions/02e2bf71-710c-4170-b8d6-c0cf2ca7551b/resourceGroups/mehar_app-rg/providers/Microsoft.Network/virtualNetworks/meharVnet/subnets/AzureBastionSubnet",
            "name": "AzureBastionSubnet",
            "private_endpoint_network_policies": "Disabled",
            "private_link_service_network_policies_enabled": true,
            "resource_group_name": "mehar_app-rg",
            "service_endpoint_policy_ids": [],
            "service_endpoints": [],
            "timeouts": null,
            "virtual_network_name": "meharVnet"
          },
          "sensitive_attributes": [],
          "identity_schema_version": 0,
          "private": "eyJlMmJmYjczMC1lY2FhLTExZTYtOGY4OC0zNDM2M2JjN2M0YzAiOnsiY3JlYXRlIjoxODAwMDAwMDAwMDAwLCJkZWxldGUiOjE4MDAwMDAwMDAwMDAsInJlYWQiOjMwMDAwMDAwMDAwMCwidXBkYXRlIjoxODAwMDAwMDAwMDAwfX0=",
          "dependencies": [
            "module.public_Ip.azurerm_public_ip.pip",
            "module.resource_group.azurerm_resource_group.rg",
            "module.subnet.azurerm_subnet.subnet",
            "module.virtual_network.azurerm_virtual_network.vnet"
          ]
        }
      ]
    },
    {
      "module": "module.load_balancer",
      "mode": "data",
      "type": "azurerm_network_interface",
      "name": "nic",
      "provider": "provider[\"registry.terraform.io/hashicorp/azurerm\"]",
      "instances": [
        {
          "index_key": "nic1",
          "schema_version": 0,
          "attributes": {
            "accelerated_networking_enabled": false,
            "applied_dns_servers": [],
            "dns_servers": [],
            "id": "/subscriptions/02e2bf71-710c-4170-b8d6-c0cf2ca7551b/resourceGroups/mehar_app-rg/providers/Microsoft.Network/networkInterfaces/meharnic1",
            "internal_dns_name_label": "",
            "ip_configuration": [
              {
                "application_gateway_backend_address_pools_ids": [],
                "application_security_group_ids": [],
                "gateway_load_balancer_frontend_ip_configuration_id": "",
                "load_balancer_backend_address_pools_ids": [],
                "load_balancer_inbound_nat_rules_ids": [],
                "name": "internal",
                "primary": true,
                "private_ip_address": "10.0.0.4",
                "private_ip_address_allocation": "Dynamic",
                "private_ip_address_version": "IPv4",
                "public_ip_address_id": "",
                "subnet_id": "/subscriptions/02e2bf71-710c-4170-b8d6-c0cf2ca7551b/resourceGroups/mehar_app-rg/providers/Microsoft.Network/virtualNetworks/meharVnet/subnets/meharsubnet1"
              }
            ],
            "ip_forwarding_enabled": false,
            "location": "eastus",
            "mac_address": "00-22-48-28-D9-30",
            "name": "meharnic1",
            "network_security_group_id": "/subscriptions/02e2bf71-710c-4170-b8d6-c0cf2ca7551b/resourceGroups/mehar_app-rg/providers/Microsoft.Network/networkSecurityGroups/web-nsg",
            "private_ip_address": "10.0.0.4",
            "private_ip_addresses": [
              "10.0.0.4"
            ],
            "resource_group_name": "mehar_app-rg",
            "tags": {
              "environment": "dev",
              "owner": "mehar"
            },
            "timeouts": null,
            "virtual_machine_id": "/subscriptions/02e2bf71-710c-4170-b8d6-c0cf2ca7551b/resourceGroups/mehar_app-rg/providers/Microsoft.Compute/virtualMachines/vm1"
          },
          "sensitive_attributes": [],
          "identity_schema_version": 0
        },
        {
          "index_key": "nic2",
          "schema_version": 0,
          "attributes": {
            "accelerated_networking_enabled": false,
            "applied_dns_servers": [],
            "dns_servers": [],
            "id": "/subscriptions/02e2bf71-710c-4170-b8d6-c0cf2ca7551b/resourceGroups/mehar_app-rg/providers/Microsoft.Network/networkInterfaces/meharnic2",
            "internal_dns_name_label": "",
            "ip_configuration": [
              {
                "application_gateway_backend_address_pools_ids": [],
                "application_security_group_ids": [],
                "gateway_load_balancer_frontend_ip_configuration_id": "",
                "load_balancer_backend_address_pools_ids": [],
                "load_balancer_inbound_nat_rules_ids": [],
                "name": "internal",
                "primary": true,
                "private_ip_address": "10.0.1.4",
                "private_ip_address_allocation": "Dynamic",
                "private_ip_address_version": "IPv4",
                "public_ip_address_id": "",
                "subnet_id": "/subscriptions/02e2bf71-710c-4170-b8d6-c0cf2ca7551b/resourceGroups/mehar_app-rg/providers/Microsoft.Network/virtualNetworks/meharVnet/subnets/meharsubnet2"
              }
            ],
            "ip_forwarding_enabled": false,
            "location": "eastus",
            "mac_address": "00-22-48-28-D4-0E",
            "name": "meharnic2",
            "network_security_group_id": "/subscriptions/02e2bf71-710c-4170-b8d6-c0cf2ca7551b/resourceGroups/mehar_app-rg/providers/Microsoft.Network/networkSecurityGroups/web-nsg",
            "private_ip_address": "10.0.1.4",
            "private_ip_addresses": [
              "10.0.1.4"
            ],
            "resource_group_name": "mehar_app-rg",
            "tags": {},
            "timeouts": null,
            "virtual_machine_id": "/subscriptions/02e2bf71-710c-4170-b8d6-c0cf2ca7551b/resourceGroups/mehar_app-rg/providers/Microsoft.Compute/virtualMachines/vm2"
          },
          "sensitive_attributes": [],
          "identity_schema_version": 0
        }
      ]
    },
    {
      "module": "module.load_balancer",
      "mode": "data",
      "type": "azurerm_public_ip",
      "name": "pip",
      "provider": "provider[\"registry.terraform.io/hashicorp/azurerm\"]",
      "instances": [
        {
          "index_key": "lb1",
          "schema_version": 0,
          "attributes": {
            "allocation_method": "Static",
            "ddos_protection_mode": "VirtualNetworkInherited",
            "ddos_protection_plan_id": null,
            "domain_name_label": "mehar-lb",
            "fqdn": "mehar-lb.eastus.cloudapp.azure.com",
            "id": "/subscriptions/02e2bf71-710c-4170-b8d6-c0cf2ca7551b/resourceGroups/mehar_app-rg/providers/Microsoft.Network/publicIPAddresses/mehar-lb-pip",
            "idle_timeout_in_minutes": 4,
            "ip_address": "52.190.19.28",
            "ip_tags": {},
            "ip_version": "IPv4",
            "location": "eastus",
            "name": "mehar-lb-pip",
            "resource_group_name": "mehar_app-rg",
            "reverse_fqdn": "",
            "sku": "Standard",
            "tags": {},
            "timeouts": null,
            "zones": []
          },
          "sensitive_attributes": [],
          "identity_schema_version": 0
        }
      ]
    },
    {
      "module": "module.load_balancer",
      "mode": "managed",
      "type": "azurerm_lb",
      "name": "testlb",
      "provider": "provider[\"registry.terraform.io/hashicorp/azurerm\"]",
      "instances": [
        {
          "index_key": "lb1",
          "schema_version": 0,
          "attributes": {
            "edge_zone": "",
            "frontend_ip_configuration": [
              {
                "gateway_load_balancer_frontend_ip_configuration_id": "",
                "id": "/subscriptions/02e2bf71-710c-4170-b8d6-c0cf2ca7551b/resourceGroups/mehar_app-rg/providers/Microsoft.Network/loadBalancers/TestLoadBalancer/frontendIPConfigurations/frontendlbip",
                "inbound_nat_rules": [],
                "load_balancer_rules": [
                  "/subscriptions/02e2bf71-710c-4170-b8d6-c0cf2ca7551b/resourceGroups/mehar_app-rg/providers/Microsoft.Network/loadBalancers/TestLoadBalancer/loadBalancingRules/newrule1"
                ],
                "name": "frontendlbip",
                "outbound_rules": [],
                "private_ip_address": "",
                "private_ip_address_allocation": "Dynamic",
                "private_ip_address_version": "",
                "public_ip_address_id": "/subscriptions/02e2bf71-710c-4170-b8d6-c0cf2ca7551b/resourceGroups/mehar_app-rg/providers/Microsoft.Network/publicIPAddresses/mehar-lb-pip",
                "public_ip_prefix_id": "",
                "subnet_id": "",
                "zones": []
              }
            ],
            "id": "/subscriptions/02e2bf71-710c-4170-b8d6-c0cf2ca7551b/resourceGroups/mehar_app-rg/providers/Microsoft.Network/loadBalancers/TestLoadBalancer",
            "location": "eastus",
            "name": "TestLoadBalancer",
            "private_ip_address": "",
            "private_ip_addresses": [],
            "resource_group_name": "mehar_app-rg",
            "sku": "Standard",
            "sku_tier": "Regional",
            "tags": {},
            "timeouts": null
          },
          "sensitive_attributes": [],
          "identity_schema_version": 0,
          "private": "eyJlMmJmYjczMC1lY2FhLTExZTYtOGY4OC0zNDM2M2JjN2M0YzAiOnsiY3JlYXRlIjoxODAwMDAwMDAwMDAwLCJkZWxldGUiOjE4MDAwMDAwMDAwMDAsInJlYWQiOjMwMDAwMDAwMDAwMCwidXBkYXRlIjoxODAwMDAwMDAwMDAwfX0=",
          "dependencies": [
            "module.load_balancer.data.azurerm_public_ip.pip",
            "module.network_interface.azurerm_network_interface.nic",
            "module.network_interface.data.azurerm_subnet.subnet",
            "module.public_Ip.azurerm_public_ip.pip",
            "module.resource_group.azurerm_resource_group.rg",
            "module.subnet.azurerm_subnet.subnet",
            "module.virtual_network.azurerm_virtual_network.vnet"
          ]
        }
      ]
    },
    {
      "module": "module.load_balancer",
      "mode": "managed",
      "type": "azurerm_lb_backend_address_pool",
      "name": "backend_pool",
      "provider": "provider[\"registry.terraform.io/hashicorp/azurerm\"]",
      "instances": [
        {
          "index_key": "lb1",
          "schema_version": 0,
          "attributes": {
            "backend_ip_configurations": [
              "/subscriptions/02e2bf71-710c-4170-b8d6-c0cf2ca7551b/resourceGroups/mehar_app-rg/providers/Microsoft.Network/networkInterfaces/meharnic1/ipConfigurations/internal",
              "/subscriptions/02e2bf71-710c-4170-b8d6-c0cf2ca7551b/resourceGroups/mehar_app-rg/providers/Microsoft.Network/networkInterfaces/meharnic2/ipConfigurations/internal"
            ],
            "id": "/subscriptions/02e2bf71-710c-4170-b8d6-c0cf2ca7551b/resourceGroups/mehar_app-rg/providers/Microsoft.Network/loadBalancers/TestLoadBalancer/backendAddressPools/BackEndAddressPool",
            "inbound_nat_rules": [],
            "load_balancing_rules": [
              "/subscriptions/02e2bf71-710c-4170-b8d6-c0cf2ca7551b/resourceGroups/mehar_app-rg/providers/Microsoft.Network/loadBalancers/TestLoadBalancer/loadBalancingRules/newrule1"
            ],
            "loadbalancer_id": "/subscriptions/02e2bf71-710c-4170-b8d6-c0cf2ca7551b/resourceGroups/mehar_app-rg/providers/Microsoft.Network/loadBalancers/TestLoadBalancer",
            "name": "BackEndAddressPool",
            "outbound_rules": [],
            "synchronous_mode": "",
            "timeouts": null,
            "tunnel_interface": [],
            "virtual_network_id": ""
          },
          "sensitive_attributes": [],
          "identity_schema_version": 0,
          "private": "eyJlMmJmYjczMC1lY2FhLTExZTYtOGY4OC0zNDM2M2JjN2M0YzAiOnsiY3JlYXRlIjoxODAwMDAwMDAwMDAwLCJkZWxldGUiOjE4MDAwMDAwMDAwMDAsInJlYWQiOjMwMDAwMDAwMDAwMCwidXBkYXRlIjoxODAwMDAwMDAwMDAwfX0=",
          "dependencies": [
            "module.load_balancer.azurerm_lb.testlb",
            "module.load_balancer.data.azurerm_public_ip.pip",
            "module.network_interface.azurerm_network_interface.nic",
            "module.network_interface.data.azurerm_subnet.subnet",
            "module.public_Ip.azurerm_public_ip.pip",
            "module.resource_group.azurerm_resource_group.rg",
            "module.subnet.azurerm_subnet.subnet",
            "module.virtual_network.azurerm_virtual_network.vnet"
          ]
        }
      ]
    },
    {
      "module": "module.load_balancer",
      "mode": "managed",
      "type": "azurerm_lb_probe",
      "name": "lb_prob",
      "provider": "provider[\"registry.terraform.io/hashicorp/azurerm\"]",
      "instances": [
        {
          "index_key": "lb1",
          "schema_version": 0,
          "attributes": {
            "id": "/subscriptions/02e2bf71-710c-4170-b8d6-c0cf2ca7551b/resourceGroups/mehar_app-rg/providers/Microsoft.Network/loadBalancers/TestLoadBalancer/probes/lbprob1",
            "interval_in_seconds": 15,
            "load_balancer_rules": [
              "/subscriptions/02e2bf71-710c-4170-b8d6-c0cf2ca7551b/resourceGroups/mehar_app-rg/providers/Microsoft.Network/loadBalancers/TestLoadBalancer/loadBalancingRules/newrule1"
            ],
            "loadbalancer_id": "/subscriptions/02e2bf71-710c-4170-b8d6-c0cf2ca7551b/resourceGroups/mehar_app-rg/providers/Microsoft.Network/loadBalancers/TestLoadBalancer",
            "name": "lbprob1",
            "number_of_probes": 2,
            "port": 80,
            "probe_threshold": 1,
            "protocol": "Tcp",
            "request_path": "",
            "timeouts": null
          },
          "sensitive_attributes": [],
          "identity_schema_version": 0,
          "private": "eyJlMmJmYjczMC1lY2FhLTExZTYtOGY4OC0zNDM2M2JjN2M0YzAiOnsiY3JlYXRlIjoxODAwMDAwMDAwMDAwLCJkZWxldGUiOjE4MDAwMDAwMDAwMDAsInJlYWQiOjMwMDAwMDAwMDAwMCwidXBkYXRlIjoxODAwMDAwMDAwMDAwfX0=",
          "dependencies": [
            "module.load_balancer.azurerm_lb.testlb",
            "module.load_balancer.data.azurerm_public_ip.pip",
            "module.network_interface.azurerm_network_interface.nic",
            "module.network_interface.data.azurerm_subnet.subnet",
            "module.public_Ip.azurerm_public_ip.pip",
            "module.resource_group.azurerm_resource_group.rg",
            "module.subnet.azurerm_subnet.subnet",
            "module.virtual_network.azurerm_virtual_network.vnet"
          ]
        }
      ]
    },
    {
      "module": "module.load_balancer",
      "mode": "managed",
      "type": "azurerm_lb_rule",
      "name": "lbrule",
      "provider": "provider[\"registry.terraform.io/hashicorp/azurerm\"]",
      "instances": [
        {
          "index_key": "lb1",
          "schema_version": 0,
          "attributes": {
            "backend_address_pool_ids": [
              "/subscriptions/02e2bf71-710c-4170-b8d6-c0cf2ca7551b/resourceGroups/mehar_app-rg/providers/Microsoft.Network/loadBalancers/TestLoadBalancer/backendAddressPools/BackEndAddressPool"
            ],
            "backend_port": 80,
            "disable_outbound_snat": false,
            "enable_floating_ip": false,
            "enable_tcp_reset": false,
            "frontend_ip_configuration_id": "/subscriptions/02e2bf71-710c-4170-b8d6-c0cf2ca7551b/resourceGroups/mehar_app-rg/providers/Microsoft.Network/loadBalancers/TestLoadBalancer/frontendIPConfigurations/frontendlbip",
            "frontend_ip_configuration_name": "frontendlbip",
            "frontend_port": 80,
            "id": "/subscriptions/02e2bf71-710c-4170-b8d6-c0cf2ca7551b/resourceGroups/mehar_app-rg/providers/Microsoft.Network/loadBalancers/TestLoadBalancer/loadBalancingRules/newrule1",
            "idle_timeout_in_minutes": 4,
            "load_distribution": "Default",
            "loadbalancer_id": "/subscriptions/02e2bf71-710c-4170-b8d6-c0cf2ca7551b/resourceGroups/mehar_app-rg/providers/Microsoft.Network/loadBalancers/TestLoadBalancer",
            "name": "newrule1",
            "probe_id": "/subscriptions/02e2bf71-710c-4170-b8d6-c0cf2ca7551b/resourceGroups/mehar_app-rg/providers/Microsoft.Network/loadBalancers/TestLoadBalancer/probes/lbprob1",
            "protocol": "Tcp",
            "timeouts": null
          },
          "sensitive_attributes": [],
          "identity_schema_version": 0,
          "private": "eyJlMmJmYjczMC1lY2FhLTExZTYtOGY4OC0zNDM2M2JjN2M0YzAiOnsiY3JlYXRlIjoxODAwMDAwMDAwMDAwLCJkZWxldGUiOjE4MDAwMDAwMDAwMDAsInJlYWQiOjMwMDAwMDAwMDAwMCwidXBkYXRlIjoxODAwMDAwMDAwMDAwfX0=",
          "dependencies": [
            "module.load_balancer.azurerm_lb.testlb",
            "module.load_balancer.azurerm_lb_backend_address_pool.backend_pool",
            "module.load_balancer.azurerm_lb_probe.lb_prob",
            "module.load_balancer.data.azurerm_public_ip.pip",
            "module.network_interface.azurerm_network_interface.nic",
            "module.network_interface.data.azurerm_subnet.subnet",
            "module.public_Ip.azurerm_public_ip.pip",
            "module.resource_group.azurerm_resource_group.rg",
            "module.subnet.azurerm_subnet.subnet",
            "module.virtual_network.azurerm_virtual_network.vnet"
          ]
        }
      ]
    },
    {
      "module": "module.load_balancer",
      "mode": "managed",
      "type": "azurerm_network_interface_backend_address_pool_association",
      "name": "lb_nic_association",
      "provider": "provider[\"registry.terraform.io/hashicorp/azurerm\"]",
      "instances": [
        {
          "index_key": "nic1",
          "schema_version": 0,
          "attributes": {
            "backend_address_pool_id": "/subscriptions/02e2bf71-710c-4170-b8d6-c0cf2ca7551b/resourceGroups/mehar_app-rg/providers/Microsoft.Network/loadBalancers/TestLoadBalancer/backendAddressPools/BackEndAddressPool",
            "id": "/subscriptions/02e2bf71-710c-4170-b8d6-c0cf2ca7551b/resourceGroups/mehar_app-rg/providers/Microsoft.Network/networkInterfaces/meharnic1/ipConfigurations/internal|/subscriptions/02e2bf71-710c-4170-b8d6-c0cf2ca7551b/resourceGroups/mehar_app-rg/providers/Microsoft.Network/loadBalancers/TestLoadBalancer/backendAddressPools/BackEndAddressPool",
            "ip_configuration_name": "internal",
            "network_interface_id": "/subscriptions/02e2bf71-710c-4170-b8d6-c0cf2ca7551b/resourceGroups/mehar_app-rg/providers/Microsoft.Network/networkInterfaces/meharnic1",
            "timeouts": null
          },
          "sensitive_attributes": [],
          "identity_schema_version": 0,
          "private": "eyJlMmJmYjczMC1lY2FhLTExZTYtOGY4OC0zNDM2M2JjN2M0YzAiOnsiY3JlYXRlIjoxODAwMDAwMDAwMDAwLCJkZWxldGUiOjE4MDAwMDAwMDAwMDAsInJlYWQiOjMwMDAwMDAwMDAwMH19",
          "dependencies": [
            "module.load_balancer.azurerm_lb.testlb",
            "module.load_balancer.azurerm_lb_backend_address_pool.backend_pool",
            "module.load_balancer.data.azurerm_network_interface.nic",
            "module.load_balancer.data.azurerm_public_ip.pip",
            "module.network_interface.azurerm_network_interface.nic",
            "module.network_interface.data.azurerm_subnet.subnet",
            "module.public_Ip.azurerm_public_ip.pip",
            "module.resource_group.azurerm_resource_group.rg",
            "module.subnet.azurerm_subnet.subnet",
            "module.virtual_network.azurerm_virtual_network.vnet"
          ]
        },
        {
          "index_key": "nic2",
          "schema_version": 0,
          "attributes": {
            "backend_address_pool_id": "/subscriptions/02e2bf71-710c-4170-b8d6-c0cf2ca7551b/resourceGroups/mehar_app-rg/providers/Microsoft.Network/loadBalancers/TestLoadBalancer/backendAddressPools/BackEndAddressPool",
            "id": "/subscriptions/02e2bf71-710c-4170-b8d6-c0cf2ca7551b/resourceGroups/mehar_app-rg/providers/Microsoft.Network/networkInterfaces/meharnic2/ipConfigurations/internal|/subscriptions/02e2bf71-710c-4170-b8d6-c0cf2ca7551b/resourceGroups/mehar_app-rg/providers/Microsoft.Network/loadBalancers/TestLoadBalancer/backendAddressPools/BackEndAddressPool",
            "ip_configuration_name": "internal",
            "network_interface_id": "/subscriptions/02e2bf71-710c-4170-b8d6-c0cf2ca7551b/resourceGroups/mehar_app-rg/providers/Microsoft.Network/networkInterfaces/meharnic2",
            "timeouts": null
          },
          "sensitive_attributes": [],
          "identity_schema_version": 0,
          "private": "eyJlMmJmYjczMC1lY2FhLTExZTYtOGY4OC0zNDM2M2JjN2M0YzAiOnsiY3JlYXRlIjoxODAwMDAwMDAwMDAwLCJkZWxldGUiOjE4MDAwMDAwMDAwMDAsInJlYWQiOjMwMDAwMDAwMDAwMH19",
          "dependencies": [
            "module.load_balancer.azurerm_lb.testlb",
            "module.load_balancer.azurerm_lb_backend_address_pool.backend_pool",
            "module.load_balancer.data.azurerm_network_interface.nic",
            "module.load_balancer.data.azurerm_public_ip.pip",
            "module.network_interface.azurerm_network_interface.nic",
            "module.network_interface.data.azurerm_subnet.subnet",
            "module.public_Ip.azurerm_public_ip.pip",
            "module.resource_group.azurerm_resource_group.rg",
            "module.subnet.azurerm_subnet.subnet",
            "module.virtual_network.azurerm_virtual_network.vnet"
          ]
        }
      ]
    },
    {
      "module": "module.network_interface",
      "mode": "data",
      "type": "azurerm_subnet",
      "name": "subnet",
      "provider": "provider[\"registry.terraform.io/hashicorp/azurerm\"]",
      "instances": [
        {
          "index_key": "nic1",
          "schema_version": 0,
          "attributes": {
            "address_prefix": "10.0.0.0/24",
            "address_prefixes": [
              "10.0.0.0/24"
            ],
            "default_outbound_access_enabled": true,
            "id": "/subscriptions/02e2bf71-710c-4170-b8d6-c0cf2ca7551b/resourceGroups/mehar_app-rg/providers/Microsoft.Network/virtualNetworks/meharVnet/subnets/meharsubnet1",
            "name": "meharsubnet1",
            "network_security_group_id": "",
            "private_endpoint_network_policies": "Disabled",
            "private_link_service_network_policies_enabled": true,
            "resource_group_name": "mehar_app-rg",
            "route_table_id": "",
            "service_endpoints": [],
            "timeouts": null,
            "virtual_network_name": "meharVnet"
          },
          "sensitive_attributes": [],
          "identity_schema_version": 0
        },
        {
          "index_key": "nic2",
          "schema_version": 0,
          "attributes": {
            "address_prefix": "10.0.1.0/24",
            "address_prefixes": [
              "10.0.1.0/24"
            ],
            "default_outbound_access_enabled": true,
            "id": "/subscriptions/02e2bf71-710c-4170-b8d6-c0cf2ca7551b/resourceGroups/mehar_app-rg/providers/Microsoft.Network/virtualNetworks/meharVnet/subnets/meharsubnet2",
            "name": "meharsubnet2",
            "network_security_group_id": "",
            "private_endpoint_network_policies": "Disabled",
            "private_link_service_network_policies_enabled": true,
            "resource_group_name": "mehar_app-rg",
            "route_table_id": "",
            "service_endpoints": [],
            "timeouts": null,
            "virtual_network_name": "meharVnet"
          },
          "sensitive_attributes": [],
          "identity_schema_version": 0
        }
      ]
    },
    {
      "module": "module.network_interface",
      "mode": "managed",
      "type": "azurerm_network_interface",
      "name": "nic",
      "provider": "provider[\"registry.terraform.io/hashicorp/azurerm\"]",
      "instances": [
        {
          "index_key": "nic1",
          "schema_version": 0,
          "attributes": {
            "accelerated_networking_enabled": false,
            "applied_dns_servers": [],
            "auxiliary_mode": "",
            "auxiliary_sku": "",
            "dns_servers": [],
            "edge_zone": "",
            "id": "/subscriptions/02e2bf71-710c-4170-b8d6-c0cf2ca7551b/resourceGroups/mehar_app-rg/providers/Microsoft.Network/networkInterfaces/meharnic1",
            "internal_dns_name_label": "",
            "internal_domain_name_suffix": "jocbjmi1amue5llxkgqblwl4eb.bx.internal.cloudapp.net",
            "ip_configuration": [
              {
                "gateway_load_balancer_frontend_ip_configuration_id": "",
                "name": "internal",
                "primary": true,
                "private_ip_address": "10.0.0.4",
                "private_ip_address_allocation": "Dynamic",
                "private_ip_address_version": "IPv4",
                "public_ip_address_id": "",
                "subnet_id": "/subscriptions/02e2bf71-710c-4170-b8d6-c0cf2ca7551b/resourceGroups/mehar_app-rg/providers/Microsoft.Network/virtualNetworks/meharVnet/subnets/meharsubnet1"
              }
            ],
            "ip_forwarding_enabled": false,
            "location": "eastus",
            "mac_address": "00-22-48-28-D9-30",
            "name": "meharnic1",
            "private_ip_address": "10.0.0.4",
            "private_ip_addresses": [
              "10.0.0.4"
            ],
            "resource_group_name": "mehar_app-rg",
            "tags": {
              "environment": "dev",
              "owner": "mehar"
            },
            "timeouts": null,
            "virtual_machine_id": "/subscriptions/02e2bf71-710c-4170-b8d6-c0cf2ca7551b/resourceGroups/mehar_app-rg/providers/Microsoft.Compute/virtualMachines/vm1"
          },
          "sensitive_attributes": [],
          "identity_schema_version": 0,
          "private": "eyJlMmJmYjczMC1lY2FhLTExZTYtOGY4OC0zNDM2M2JjN2M0YzAiOnsiY3JlYXRlIjoxODAwMDAwMDAwMDAwLCJkZWxldGUiOjE4MDAwMDAwMDAwMDAsInJlYWQiOjMwMDAwMDAwMDAwMCwidXBkYXRlIjoxODAwMDAwMDAwMDAwfX0=",
          "dependencies": [
            "module.network_interface.data.azurerm_subnet.subnet",
            "module.resource_group.azurerm_resource_group.rg",
            "module.subnet.azurerm_subnet.subnet",
            "module.virtual_network.azurerm_virtual_network.vnet"
          ]
        },
        {
          "index_key": "nic2",
          "schema_version": 0,
          "attributes": {
            "accelerated_networking_enabled": false,
            "applied_dns_servers": [],
            "auxiliary_mode": "",
            "auxiliary_sku": "",
            "dns_servers": [],
            "edge_zone": "",
            "id": "/subscriptions/02e2bf71-710c-4170-b8d6-c0cf2ca7551b/resourceGroups/mehar_app-rg/providers/Microsoft.Network/networkInterfaces/meharnic2",
            "internal_dns_name_label": "",
            "internal_domain_name_suffix": "jocbjmi1amue5llxkgqblwl4eb.bx.internal.cloudapp.net",
            "ip_configuration": [
              {
                "gateway_load_balancer_frontend_ip_configuration_id": "",
                "name": "internal",
                "primary": true,
                "private_ip_address": "10.0.1.4",
                "private_ip_address_allocation": "Dynamic",
                "private_ip_address_version": "IPv4",
                "public_ip_address_id": "",
                "subnet_id": "/subscriptions/02e2bf71-710c-4170-b8d6-c0cf2ca7551b/resourceGroups/mehar_app-rg/providers/Microsoft.Network/virtualNetworks/meharVnet/subnets/meharsubnet2"
              }
            ],
            "ip_forwarding_enabled": false,
            "location": "eastus",
            "mac_address": "00-22-48-28-D4-0E",
            "name": "meharnic2",
            "private_ip_address": "10.0.1.4",
            "private_ip_addresses": [
              "10.0.1.4"
            ],
            "resource_group_name": "mehar_app-rg",
            "tags": {},
            "timeouts": null,
            "virtual_machine_id": "/subscriptions/02e2bf71-710c-4170-b8d6-c0cf2ca7551b/resourceGroups/mehar_app-rg/providers/Microsoft.Compute/virtualMachines/vm2"
          },
          "sensitive_attributes": [],
          "identity_schema_version": 0,
          "private": "eyJlMmJmYjczMC1lY2FhLTExZTYtOGY4OC0zNDM2M2JjN2M0YzAiOnsiY3JlYXRlIjoxODAwMDAwMDAwMDAwLCJkZWxldGUiOjE4MDAwMDAwMDAwMDAsInJlYWQiOjMwMDAwMDAwMDAwMCwidXBkYXRlIjoxODAwMDAwMDAwMDAwfX0=",
          "dependencies": [
            "module.network_interface.data.azurerm_subnet.subnet",
            "module.resource_group.azurerm_resource_group.rg",
            "module.subnet.azurerm_subnet.subnet",
            "module.virtual_network.azurerm_virtual_network.vnet"
          ]
        }
      ]
    },
    {
      "module": "module.network_security_group",
      "mode": "data",
      "type": "azurerm_network_interface",
      "name": "nic",
      "provider": "provider[\"registry.terraform.io/hashicorp/azurerm\"]",
      "instances": [
        {
          "index_key": "nic1",
          "schema_version": 0,
          "attributes": {
            "accelerated_networking_enabled": false,
            "applied_dns_servers": [],
            "dns_servers": [],
            "id": "/subscriptions/02e2bf71-710c-4170-b8d6-c0cf2ca7551b/resourceGroups/mehar_app-rg/providers/Microsoft.Network/networkInterfaces/meharnic1",
            "internal_dns_name_label": "",
            "ip_configuration": [
              {
                "application_gateway_backend_address_pools_ids": [],
                "application_security_group_ids": [],
                "gateway_load_balancer_frontend_ip_configuration_id": "",
                "load_balancer_backend_address_pools_ids": [],
                "load_balancer_inbound_nat_rules_ids": [],
                "name": "internal",
                "primary": true,
                "private_ip_address": "10.0.0.4",
                "private_ip_address_allocation": "Dynamic",
                "private_ip_address_version": "IPv4",
                "public_ip_address_id": "",
                "subnet_id": "/subscriptions/02e2bf71-710c-4170-b8d6-c0cf2ca7551b/resourceGroups/mehar_app-rg/providers/Microsoft.Network/virtualNetworks/meharVnet/subnets/meharsubnet1"
              }
            ],
            "ip_forwarding_enabled": false,
            "location": "eastus",
            "mac_address": "00-22-48-28-D9-30",
            "name": "meharnic1",
            "network_security_group_id": "/subscriptions/02e2bf71-710c-4170-b8d6-c0cf2ca7551b/resourceGroups/mehar_app-rg/providers/Microsoft.Network/networkSecurityGroups/web-nsg",
            "private_ip_address": "10.0.0.4",
            "private_ip_addresses": [
              "10.0.0.4"
            ],
            "resource_group_name": "mehar_app-rg",
            "tags": {
              "environment": "dev",
              "owner": "mehar"
            },
            "timeouts": null,
            "virtual_machine_id": "/subscriptions/02e2bf71-710c-4170-b8d6-c0cf2ca7551b/resourceGroups/mehar_app-rg/providers/Microsoft.Compute/virtualMachines/vm1"
          },
          "sensitive_attributes": [],
          "identity_schema_version": 0
        },
        {
          "index_key": "nic2",
          "schema_version": 0,
          "attributes": {
            "accelerated_networking_enabled": false,
            "applied_dns_servers": [],
            "dns_servers": [],
            "id": "/subscriptions/02e2bf71-710c-4170-b8d6-c0cf2ca7551b/resourceGroups/mehar_app-rg/providers/Microsoft.Network/networkInterfaces/meharnic2",
            "internal_dns_name_label": "",
            "ip_configuration": [
              {
                "application_gateway_backend_address_pools_ids": [],
                "application_security_group_ids": [],
                "gateway_load_balancer_frontend_ip_configuration_id": "",
                "load_balancer_backend_address_pools_ids": [],
                "load_balancer_inbound_nat_rules_ids": [],
                "name": "internal",
                "primary": true,
                "private_ip_address": "10.0.1.4",
                "private_ip_address_allocation": "Dynamic",
                "private_ip_address_version": "IPv4",
                "public_ip_address_id": "",
                "subnet_id": "/subscriptions/02e2bf71-710c-4170-b8d6-c0cf2ca7551b/resourceGroups/mehar_app-rg/providers/Microsoft.Network/virtualNetworks/meharVnet/subnets/meharsubnet2"
              }
            ],
            "ip_forwarding_enabled": false,
            "location": "eastus",
            "mac_address": "00-22-48-28-D4-0E",
            "name": "meharnic2",
            "network_security_group_id": "/subscriptions/02e2bf71-710c-4170-b8d6-c0cf2ca7551b/resourceGroups/mehar_app-rg/providers/Microsoft.Network/networkSecurityGroups/web-nsg",
            "private_ip_address": "10.0.1.4",
            "private_ip_addresses": [
              "10.0.1.4"
            ],
            "resource_group_name": "mehar_app-rg",
            "tags": {},
            "timeouts": null,
            "virtual_machine_id": "/subscriptions/02e2bf71-710c-4170-b8d6-c0cf2ca7551b/resourceGroups/mehar_app-rg/providers/Microsoft.Compute/virtualMachines/vm2"
          },
          "sensitive_attributes": [],
          "identity_schema_version": 0
        }
      ]
    },
    {
      "module": "module.network_security_group",
      "mode": "managed",
      "type": "azurerm_network_interface_security_group_association",
      "name": "nic_assoc",
      "provider": "provider[\"registry.terraform.io/hashicorp/azurerm\"]",
      "instances": [
        {
          "index_key": "nic1",
          "schema_version": 0,
          "attributes": {
            "id": "/subscriptions/02e2bf71-710c-4170-b8d6-c0cf2ca7551b/resourceGroups/mehar_app-rg/providers/Microsoft.Network/networkInterfaces/meharnic1|/subscriptions/02e2bf71-710c-4170-b8d6-c0cf2ca7551b/resourceGroups/mehar_app-rg/providers/Microsoft.Network/networkSecurityGroups/web-nsg",
            "network_interface_id": "/subscriptions/02e2bf71-710c-4170-b8d6-c0cf2ca7551b/resourceGroups/mehar_app-rg/providers/Microsoft.Network/networkInterfaces/meharnic1",
            "network_security_group_id": "/subscriptions/02e2bf71-710c-4170-b8d6-c0cf2ca7551b/resourceGroups/mehar_app-rg/providers/Microsoft.Network/networkSecurityGroups/web-nsg",
            "timeouts": null
          },
          "sensitive_attributes": [],
          "identity_schema_version": 0,
          "private": "eyJlMmJmYjczMC1lY2FhLTExZTYtOGY4OC0zNDM2M2JjN2M0YzAiOnsiY3JlYXRlIjoxODAwMDAwMDAwMDAwLCJkZWxldGUiOjE4MDAwMDAwMDAwMDAsInJlYWQiOjMwMDAwMDAwMDAwMH19",
          "dependencies": [
            "module.network_interface.azurerm_network_interface.nic",
            "module.network_interface.data.azurerm_subnet.subnet",
            "module.network_security_group.azurerm_network_security_group.nsg",
            "module.network_security_group.data.azurerm_network_interface.nic",
            "module.resource_group.azurerm_resource_group.rg",
            "module.subnet.azurerm_subnet.subnet",
            "module.virtual_network.azurerm_virtual_network.vnet"
          ]
        },
        {
          "index_key": "nic2",
          "schema_version": 0,
          "attributes": {
            "id": "/subscriptions/02e2bf71-710c-4170-b8d6-c0cf2ca7551b/resourceGroups/mehar_app-rg/providers/Microsoft.Network/networkInterfaces/meharnic2|/subscriptions/02e2bf71-710c-4170-b8d6-c0cf2ca7551b/resourceGroups/mehar_app-rg/providers/Microsoft.Network/networkSecurityGroups/web-nsg",
            "network_interface_id": "/subscriptions/02e2bf71-710c-4170-b8d6-c0cf2ca7551b/resourceGroups/mehar_app-rg/providers/Microsoft.Network/networkInterfaces/meharnic2",
            "network_security_group_id": "/subscriptions/02e2bf71-710c-4170-b8d6-c0cf2ca7551b/resourceGroups/mehar_app-rg/providers/Microsoft.Network/networkSecurityGroups/web-nsg",
            "timeouts": null
          },
          "sensitive_attributes": [],
          "identity_schema_version": 0,
          "private": "eyJlMmJmYjczMC1lY2FhLTExZTYtOGY4OC0zNDM2M2JjN2M0YzAiOnsiY3JlYXRlIjoxODAwMDAwMDAwMDAwLCJkZWxldGUiOjE4MDAwMDAwMDAwMDAsInJlYWQiOjMwMDAwMDAwMDAwMH19",
          "dependencies": [
            "module.network_interface.azurerm_network_interface.nic",
            "module.network_interface.data.azurerm_subnet.subnet",
            "module.network_security_group.azurerm_network_security_group.nsg",
            "module.network_security_group.data.azurerm_network_interface.nic",
            "module.resource_group.azurerm_resource_group.rg",
            "module.subnet.azurerm_subnet.subnet",
            "module.virtual_network.azurerm_virtual_network.vnet"
          ]
        }
      ]
    },
    {
      "module": "module.network_security_group",
      "mode": "managed",
      "type": "azurerm_network_security_group",
      "name": "nsg",
      "provider": "provider[\"registry.terraform.io/hashicorp/azurerm\"]",
      "instances": [
        {
          "index_key": "nsg1",
          "schema_version": 0,
          "attributes": {
            "id": "/subscriptions/02e2bf71-710c-4170-b8d6-c0cf2ca7551b/resourceGroups/mehar_app-rg/providers/Microsoft.Network/networkSecurityGroups/web-nsg",
            "location": "eastus",
            "name": "web-nsg",
            "resource_group_name": "mehar_app-rg",
            "security_rule": [
              {
                "access": "Allow",
                "description": "",
                "destination_address_prefix": "*",
                "destination_address_prefixes": [],
                "destination_application_security_group_ids": [],
                "destination_port_range": "80",
                "destination_port_ranges": [],
                "direction": "Inbound",
                "name": "allow-http",
                "priority": 100,
                "protocol": "Tcp",
                "source_address_prefix": "*",
                "source_address_prefixes": [],
                "source_application_security_group_ids": [],
                "source_port_range": "*",
                "source_port_ranges": []
              }
            ],
            "tags": {},
            "timeouts": null
          },
          "sensitive_attributes": [],
          "identity_schema_version": 0,
          "private": "eyJlMmJmYjczMC1lY2FhLTExZTYtOGY4OC0zNDM2M2JjN2M0YzAiOnsiY3JlYXRlIjoxODAwMDAwMDAwMDAwLCJkZWxldGUiOjE4MDAwMDAwMDAwMDAsInJlYWQiOjMwMDAwMDAwMDAwMCwidXBkYXRlIjoxODAwMDAwMDAwMDAwfX0=",
          "dependencies": [
            "module.network_interface.azurerm_network_interface.nic",
            "module.network_interface.data.azurerm_subnet.subnet",
            "module.resource_group.azurerm_resource_group.rg",
            "module.subnet.azurerm_subnet.subnet",
            "module.virtual_network.azurerm_virtual_network.vnet"
          ]
        },
        {
          "index_key": "nsg2",
          "schema_version": 0,
          "attributes": {
            "id": "/subscriptions/02e2bf71-710c-4170-b8d6-c0cf2ca7551b/resourceGroups/mehar_app-rg/providers/Microsoft.Network/networkSecurityGroups/db-nsg",
            "location": "eastus",
            "name": "db-nsg",
            "resource_group_name": "mehar_app-rg",
            "security_rule": [
              {
                "access": "Allow",
                "description": "",
                "destination_address_prefix": "*",
                "destination_address_prefixes": [],
                "destination_application_security_group_ids": [],
                "destination_port_range": "1433",
                "destination_port_ranges": [],
                "direction": "Inbound",
                "name": "allow-sql",
                "priority": 100,
                "protocol": "Tcp",
                "source_address_prefix": "*",
                "source_address_prefixes": [],
                "source_application_security_group_ids": [],
                "source_port_range": "*",
                "source_port_ranges": []
              }
            ],
            "tags": {},
            "timeouts": null
          },
          "sensitive_attributes": [],
          "identity_schema_version": 0,
          "private": "eyJlMmJmYjczMC1lY2FhLTExZTYtOGY4OC0zNDM2M2JjN2M0YzAiOnsiY3JlYXRlIjoxODAwMDAwMDAwMDAwLCJkZWxldGUiOjE4MDAwMDAwMDAwMDAsInJlYWQiOjMwMDAwMDAwMDAwMCwidXBkYXRlIjoxODAwMDAwMDAwMDAwfX0=",
          "dependencies": [
            "module.network_interface.azurerm_network_interface.nic",
            "module.network_interface.data.azurerm_subnet.subnet",
            "module.resource_group.azurerm_resource_group.rg",
            "module.subnet.azurerm_subnet.subnet",
            "module.virtual_network.azurerm_virtual_network.vnet"
          ]
        }
      ]
    },
    {
      "module": "module.public_Ip",
      "mode": "managed",
      "type": "azurerm_public_ip",
      "name": "pip",
      "provider": "provider[\"registry.terraform.io/hashicorp/azurerm\"]",
      "instances": [
        {
          "index_key": "bastion_pip",
          "schema_version": 0,
          "attributes": {
            "allocation_method": "Static",
            "ddos_protection_mode": "VirtualNetworkInherited",
            "ddos_protection_plan_id": null,
            "domain_name_label": null,
            "domain_name_label_scope": null,
            "edge_zone": "",
            "fqdn": null,
            "id": "/subscriptions/02e2bf71-710c-4170-b8d6-c0cf2ca7551b/resourceGroups/mehar_app-rg/providers/Microsoft.Network/publicIPAddresses/mehar-bastion-pip",
            "idle_timeout_in_minutes": 4,
            "ip_address": "20.169.170.118",
            "ip_tags": {},
            "ip_version": "IPv4",
            "location": "eastus",
            "name": "mehar-bastion-pip",
            "public_ip_prefix_id": null,
            "resource_group_name": "mehar_app-rg",
            "reverse_fqdn": null,
            "sku": "Standard",
            "sku_tier": "Regional",
            "tags": {},
            "timeouts": null,
            "zones": []
          },
          "sensitive_attributes": [],
          "identity_schema_version": 0,
          "private": "eyJlMmJmYjczMC1lY2FhLTExZTYtOGY4OC0zNDM2M2JjN2M0YzAiOnsiY3JlYXRlIjoxODAwMDAwMDAwMDAwLCJkZWxldGUiOjE4MDAwMDAwMDAwMDAsInJlYWQiOjMwMDAwMDAwMDAwMCwidXBkYXRlIjoxODAwMDAwMDAwMDAwfX0=",
          "dependencies": [
            "module.resource_group.azurerm_resource_group.rg",
            "module.subnet.azurerm_subnet.subnet",
            "module.virtual_network.azurerm_virtual_network.vnet"
          ]
        },
        {
          "index_key": "lbpip",
          "schema_version": 0,
          "attributes": {
            "allocation_method": "Static",
            "ddos_protection_mode": "VirtualNetworkInherited",
            "ddos_protection_plan_id": null,
            "domain_name_label": "mehar-lb",
            "domain_name_label_scope": "",
            "edge_zone": "",
            "fqdn": "mehar-lb.eastus.cloudapp.azure.com",
            "id": "/subscriptions/02e2bf71-710c-4170-b8d6-c0cf2ca7551b/resourceGroups/mehar_app-rg/providers/Microsoft.Network/publicIPAddresses/mehar-lb-pip",
            "idle_timeout_in_minutes": 4,
            "ip_address": "52.190.19.28",
            "ip_tags": {},
            "ip_version": "IPv4",
            "location": "eastus",
            "name": "mehar-lb-pip",
            "public_ip_prefix_id": null,
            "resource_group_name": "mehar_app-rg",
            "reverse_fqdn": "",
            "sku": "Standard",
            "sku_tier": "Regional",
            "tags": {},
            "timeouts": null,
            "zones": []
          },
          "sensitive_attributes": [],
          "identity_schema_version": 0,
          "private": "eyJlMmJmYjczMC1lY2FhLTExZTYtOGY4OC0zNDM2M2JjN2M0YzAiOnsiY3JlYXRlIjoxODAwMDAwMDAwMDAwLCJkZWxldGUiOjE4MDAwMDAwMDAwMDAsInJlYWQiOjMwMDAwMDAwMDAwMCwidXBkYXRlIjoxODAwMDAwMDAwMDAwfX0=",
          "dependencies": [
            "module.resource_group.azurerm_resource_group.rg",
            "module.subnet.azurerm_subnet.subnet",
            "module.virtual_network.azurerm_virtual_network.vnet"
          ]
        }
      ]
    },
    {
      "module": "module.resource_group",
      "mode": "managed",
      "type": "azurerm_resource_group",
      "name": "rg",
      "provider": "provider[\"registry.terraform.io/hashicorp/azurerm\"]",
      "instances": [
        {
          "index_key": "rg1",
          "schema_version": 0,
          "attributes": {
            "id": "/subscriptions/02e2bf71-710c-4170-b8d6-c0cf2ca7551b/resourceGroups/mehar_app-rg",
            "location": "eastus",
            "managed_by": "azurerm_user_assigned_identity.test",
            "name": "mehar_app-rg",
            "tags": {},
            "timeouts": null
          },
          "sensitive_attributes": [],
          "identity_schema_version": 0,
          "private": "eyJlMmJmYjczMC1lY2FhLTExZTYtOGY4OC0zNDM2M2JjN2M0YzAiOnsiY3JlYXRlIjo1NDAwMDAwMDAwMDAwLCJkZWxldGUiOjU0MDAwMDAwMDAwMDAsInJlYWQiOjMwMDAwMDAwMDAwMCwidXBkYXRlIjo1NDAwMDAwMDAwMDAwfX0="
        }
      ]
    },
    {
      "module": "module.subnet",
      "mode": "managed",
      "type": "azurerm_subnet",
      "name": "subnet",
      "provider": "provider[\"registry.terraform.io/hashicorp/azurerm\"]",
      "instances": [
        {
          "index_key": "subnet1",
          "schema_version": 0,
          "attributes": {
            "address_prefixes": [
              "10.0.0.0/24"
            ],
            "default_outbound_access_enabled": true,
            "delegation": [],
            "id": "/subscriptions/02e2bf71-710c-4170-b8d6-c0cf2ca7551b/resourceGroups/mehar_app-rg/providers/Microsoft.Network/virtualNetworks/meharVnet/subnets/meharsubnet1",
            "name": "meharsubnet1",
            "private_endpoint_network_policies": "Disabled",
            "private_link_service_network_policies_enabled": true,
            "resource_group_name": "mehar_app-rg",
            "service_endpoint_policy_ids": [],
            "service_endpoints": [],
            "timeouts": null,
            "virtual_network_name": "meharVnet"
          },
          "sensitive_attributes": [],
          "identity_schema_version": 0,
          "private": "eyJlMmJmYjczMC1lY2FhLTExZTYtOGY4OC0zNDM2M2JjN2M0YzAiOnsiY3JlYXRlIjoxODAwMDAwMDAwMDAwLCJkZWxldGUiOjE4MDAwMDAwMDAwMDAsInJlYWQiOjMwMDAwMDAwMDAwMCwidXBkYXRlIjoxODAwMDAwMDAwMDAwfX0=",
          "dependencies": [
            "module.resource_group.azurerm_resource_group.rg",
            "module.virtual_network.azurerm_virtual_network.vnet"
          ]
        },
        {
          "index_key": "subnet2",
          "schema_version": 0,
          "attributes": {
            "address_prefixes": [
              "10.0.1.0/24"
            ],
            "default_outbound_access_enabled": true,
            "delegation": [],
            "id": "/subscriptions/02e2bf71-710c-4170-b8d6-c0cf2ca7551b/resourceGroups/mehar_app-rg/providers/Microsoft.Network/virtualNetworks/meharVnet/subnets/meharsubnet2",
            "name": "meharsubnet2",
            "private_endpoint_network_policies": "Disabled",
            "private_link_service_network_policies_enabled": true,
            "resource_group_name": "mehar_app-rg",
            "service_endpoint_policy_ids": [],
            "service_endpoints": [],
            "timeouts": null,
            "virtual_network_name": "meharVnet"
          },
          "sensitive_attributes": [],
          "identity_schema_version": 0,
          "private": "eyJlMmJmYjczMC1lY2FhLTExZTYtOGY4OC0zNDM2M2JjN2M0YzAiOnsiY3JlYXRlIjoxODAwMDAwMDAwMDAwLCJkZWxldGUiOjE4MDAwMDAwMDAwMDAsInJlYWQiOjMwMDAwMDAwMDAwMCwidXBkYXRlIjoxODAwMDAwMDAwMDAwfX0=",
          "dependencies": [
            "module.resource_group.azurerm_resource_group.rg",
            "module.virtual_network.azurerm_virtual_network.vnet"
          ]
        }
      ]
    },
    {
      "module": "module.virtual_machine",
      "mode": "data",
      "type": "azurerm_network_interface",
      "name": "nic",
      "provider": "provider[\"registry.terraform.io/hashicorp/azurerm\"]",
      "instances": [
        {
          "index_key": "vm1",
          "schema_version": 0,
          "attributes": {
            "accelerated_networking_enabled": false,
            "applied_dns_servers": [],
            "dns_servers": [],
            "id": "/subscriptions/02e2bf71-710c-4170-b8d6-c0cf2ca7551b/resourceGroups/mehar_app-rg/providers/Microsoft.Network/networkInterfaces/meharnic1",
            "internal_dns_name_label": "",
            "ip_configuration": [
              {
                "application_gateway_backend_address_pools_ids": [],
                "application_security_group_ids": [],
                "gateway_load_balancer_frontend_ip_configuration_id": "",
                "load_balancer_backend_address_pools_ids": [],
                "load_balancer_inbound_nat_rules_ids": [],
                "name": "internal",
                "primary": true,
                "private_ip_address": "10.0.0.4",
                "private_ip_address_allocation": "Dynamic",
                "private_ip_address_version": "IPv4",
                "public_ip_address_id": "",
                "subnet_id": "/subscriptions/02e2bf71-710c-4170-b8d6-c0cf2ca7551b/resourceGroups/mehar_app-rg/providers/Microsoft.Network/virtualNetworks/meharVnet/subnets/meharsubnet1"
              }
            ],
            "ip_forwarding_enabled": false,
            "location": "eastus",
            "mac_address": "00-22-48-28-D9-30",
            "name": "meharnic1",
            "network_security_group_id": "/subscriptions/02e2bf71-710c-4170-b8d6-c0cf2ca7551b/resourceGroups/mehar_app-rg/providers/Microsoft.Network/networkSecurityGroups/web-nsg",
            "private_ip_address": "10.0.0.4",
            "private_ip_addresses": [
              "10.0.0.4"
            ],
            "resource_group_name": "mehar_app-rg",
            "tags": {
              "environment": "dev",
              "owner": "mehar"
            },
            "timeouts": null,
            "virtual_machine_id": "/subscriptions/02e2bf71-710c-4170-b8d6-c0cf2ca7551b/resourceGroups/mehar_app-rg/providers/Microsoft.Compute/virtualMachines/vm1"
          },
          "sensitive_attributes": [],
          "identity_schema_version": 0
        },
        {
          "index_key": "vm2",
          "schema_version": 0,
          "attributes": {
            "accelerated_networking_enabled": false,
            "applied_dns_servers": [],
            "dns_servers": [],
            "id": "/subscriptions/02e2bf71-710c-4170-b8d6-c0cf2ca7551b/resourceGroups/mehar_app-rg/providers/Microsoft.Network/networkInterfaces/meharnic2",
            "internal_dns_name_label": "",
            "ip_configuration": [
              {
                "application_gateway_backend_address_pools_ids": [],
                "application_security_group_ids": [],
                "gateway_load_balancer_frontend_ip_configuration_id": "",
                "load_balancer_backend_address_pools_ids": [],
                "load_balancer_inbound_nat_rules_ids": [],
                "name": "internal",
                "primary": true,
                "private_ip_address": "10.0.1.4",
                "private_ip_address_allocation": "Dynamic",
                "private_ip_address_version": "IPv4",
                "public_ip_address_id": "",
                "subnet_id": "/subscriptions/02e2bf71-710c-4170-b8d6-c0cf2ca7551b/resourceGroups/mehar_app-rg/providers/Microsoft.Network/virtualNetworks/meharVnet/subnets/meharsubnet2"
              }
            ],
            "ip_forwarding_enabled": false,
            "location": "eastus",
            "mac_address": "00-22-48-28-D4-0E",
            "name": "meharnic2",
            "network_security_group_id": "/subscriptions/02e2bf71-710c-4170-b8d6-c0cf2ca7551b/resourceGroups/mehar_app-rg/providers/Microsoft.Network/networkSecurityGroups/web-nsg",
            "private_ip_address": "10.0.1.4",
            "private_ip_addresses": [
              "10.0.1.4"
            ],
            "resource_group_name": "mehar_app-rg",
            "tags": {},
            "timeouts": null,
            "virtual_machine_id": "/subscriptions/02e2bf71-710c-4170-b8d6-c0cf2ca7551b/resourceGroups/mehar_app-rg/providers/Microsoft.Compute/virtualMachines/vm2"
          },
          "sensitive_attributes": [],
          "identity_schema_version": 0
        }
      ]
    },
    {
      "module": "module.virtual_machine",
      "mode": "managed",
      "type": "azurerm_linux_virtual_machine",
      "name": "vm",
      "provider": "provider[\"registry.terraform.io/hashicorp/azurerm\"]",
      "instances": [
        {
          "index_key": "vm1",
          "schema_version": 0,
          "attributes": {
            "additional_capabilities": [],
            "admin_password": "Useradmin@1234",
            "admin_ssh_key": [],
            "admin_username": "Useradmin",
            "allow_extension_operations": true,
            "availability_set_id": "",
            "boot_diagnostics": [],
            "bypass_platform_safety_checks_on_user_schedule_enabled": false,
            "capacity_reservation_group_id": "",
            "computer_name": "vm1",
            "custom_data": null,
            "dedicated_host_group_id": "",
            "dedicated_host_id": "",
            "disable_password_authentication": false,
            "disk_controller_type": "SCSI",
            "edge_zone": "",
            "encryption_at_host_enabled": false,
            "eviction_policy": "",
            "extensions_time_budget": "PT1H30M",
            "gallery_application": [],
            "id": "/subscriptions/02e2bf71-710c-4170-b8d6-c0cf2ca7551b/resourceGroups/mehar_app-rg/providers/Microsoft.Compute/virtualMachines/vm1",
            "identity": [],
            "license_type": "",
            "location": "eastus",
            "max_bid_price": -1,
            "name": "vm1",
            "network_interface_ids": [
              "/subscriptions/02e2bf71-710c-4170-b8d6-c0cf2ca7551b/resourceGroups/mehar_app-rg/providers/Microsoft.Network/networkInterfaces/meharnic1"
            ],
            "os_disk": [
              {
                "caching": "ReadWrite",
                "diff_disk_settings": [],
                "disk_encryption_set_id": "",
                "disk_size_gb": 30,
                "id": "/subscriptions/02e2bf71-710c-4170-b8d6-c0cf2ca7551b/resourceGroups/mehar_app-rg/providers/Microsoft.Compute/disks/vm1_OsDisk_1_77bf4bf5f0bf45269f3cb9e339ec8e74",
                "name": "vm1_OsDisk_1_77bf4bf5f0bf45269f3cb9e339ec8e74",
                "secure_vm_disk_encryption_set_id": "",
                "security_encryption_type": "",
                "storage_account_type": "Standard_LRS",
                "write_accelerator_enabled": false
              }
            ],
            "os_image_notification": [],
            "patch_assessment_mode": "ImageDefault",
            "patch_mode": "ImageDefault",
            "plan": [],
            "platform_fault_domain": -1,
            "priority": "Regular",
            "private_ip_address": "10.0.0.4",
            "private_ip_addresses": [
              "10.0.0.4"
            ],
            "provision_vm_agent": true,
            "proximity_placement_group_id": "",
            "public_ip_address": "",
            "public_ip_addresses": [],
            "reboot_setting": "",
            "resource_group_name": "mehar_app-rg",
            "secret": [],
            "secure_boot_enabled": false,
            "size": "Standard_DC1ds_v3",
            "source_image_id": "",
            "source_image_reference": [
              {
                "offer": "0001-com-ubuntu-server-jammy",
                "publisher": "Canonical",
                "sku": "22_04-lts-gen2",
                "version": "latest"
              }
            ],
            "tags": {
              "CreatedBy": "Terraform",
              "Environment": "dev"
            },
            "termination_notification": [],
            "timeouts": null,
            "user_data": "",
            "virtual_machine_id": "66cfcf93-6df3-45d1-b125-0b26d3089f49",
            "virtual_machine_scale_set_id": "",
            "vm_agent_platform_updates_enabled": false,
            "vtpm_enabled": false,
            "zone": ""
          },
          "sensitive_attributes": [
            [
              {
                "type": "get_attr",
                "value": "admin_password"
              }
            ],
            [
              {
                "type": "get_attr",
                "value": "custom_data"
              }
            ]
          ],
          "identity_schema_version": 0,
          "private": "eyJlMmJmYjczMC1lY2FhLTExZTYtOGY4OC0zNDM2M2JjN2M0YzAiOnsiY3JlYXRlIjoyNzAwMDAwMDAwMDAwLCJkZWxldGUiOjI3MDAwMDAwMDAwMDAsInJlYWQiOjMwMDAwMDAwMDAwMCwidXBkYXRlIjoyNzAwMDAwMDAwMDAwfX0=",
          "dependencies": [
            "module.network_interface.azurerm_network_interface.nic",
            "module.network_interface.data.azurerm_subnet.subnet",
            "module.resource_group.azurerm_resource_group.rg",
            "module.subnet.azurerm_subnet.subnet",
            "module.virtual_machine.data.azurerm_network_interface.nic",
            "module.virtual_network.azurerm_virtual_network.vnet"
          ]
        },
        {
          "index_key": "vm2",
          "schema_version": 0,
          "attributes": {
            "additional_capabilities": [],
            "admin_password": "Useradmin@1234",
            "admin_ssh_key": [],
            "admin_username": "Useradmin",
            "allow_extension_operations": true,
            "availability_set_id": "",
            "boot_diagnostics": [],
            "bypass_platform_safety_checks_on_user_schedule_enabled": false,
            "capacity_reservation_group_id": "",
            "computer_name": "vm2",
            "custom_data": null,
            "dedicated_host_group_id": "",
            "dedicated_host_id": "",
            "disable_password_authentication": false,
            "disk_controller_type": "SCSI",
            "edge_zone": "",
            "encryption_at_host_enabled": false,
            "eviction_policy": "",
            "extensions_time_budget": "PT1H30M",
            "gallery_application": [],
            "id": "/subscriptions/02e2bf71-710c-4170-b8d6-c0cf2ca7551b/resourceGroups/mehar_app-rg/providers/Microsoft.Compute/virtualMachines/vm2",
            "identity": [],
            "license_type": "",
            "location": "eastus",
            "max_bid_price": -1,
            "name": "vm2",
            "network_interface_ids": [
              "/subscriptions/02e2bf71-710c-4170-b8d6-c0cf2ca7551b/resourceGroups/mehar_app-rg/providers/Microsoft.Network/networkInterfaces/meharnic2"
            ],
            "os_disk": [
              {
                "caching": "ReadWrite",
                "diff_disk_settings": [],
                "disk_encryption_set_id": "",
                "disk_size_gb": 30,
                "id": "/subscriptions/02e2bf71-710c-4170-b8d6-c0cf2ca7551b/resourceGroups/mehar_app-rg/providers/Microsoft.Compute/disks/vm2_OsDisk_1_5aed8ca4c882447da10676d7ef8a4f8e",
                "name": "vm2_OsDisk_1_5aed8ca4c882447da10676d7ef8a4f8e",
                "secure_vm_disk_encryption_set_id": "",
                "security_encryption_type": "",
                "storage_account_type": "Standard_LRS",
                "write_accelerator_enabled": false
              }
            ],
            "os_image_notification": [],
            "patch_assessment_mode": "ImageDefault",
            "patch_mode": "ImageDefault",
            "plan": [],
            "platform_fault_domain": -1,
            "priority": "Regular",
            "private_ip_address": "10.0.1.4",
            "private_ip_addresses": [
              "10.0.1.4"
            ],
            "provision_vm_agent": true,
            "proximity_placement_group_id": "",
            "public_ip_address": "",
            "public_ip_addresses": [],
            "reboot_setting": "",
            "resource_group_name": "mehar_app-rg",
            "secret": [],
            "secure_boot_enabled": false,
            "size": "Standard_DC1ds_v3",
            "source_image_id": "",
            "source_image_reference": [
              {
                "offer": "0001-com-ubuntu-server-jammy",
                "publisher": "Canonical",
                "sku": "22_04-lts-gen2",
                "version": "latest"
              }
            ],
            "tags": {
              "CreatedBy": "Terraform",
              "Environment": "dev"
            },
            "termination_notification": [],
            "timeouts": null,
            "user_data": "",
            "virtual_machine_id": "977497c9-cdeb-46ab-9277-50f360d36dec",
            "virtual_machine_scale_set_id": "",
            "vm_agent_platform_updates_enabled": false,
            "vtpm_enabled": false,
            "zone": ""
          },
          "sensitive_attributes": [
            [
              {
                "type": "get_attr",
                "value": "admin_password"
              }
            ],
            [
              {
                "type": "get_attr",
                "value": "custom_data"
              }
            ]
          ],
          "identity_schema_version": 0,
          "private": "eyJlMmJmYjczMC1lY2FhLTExZTYtOGY4OC0zNDM2M2JjN2M0YzAiOnsiY3JlYXRlIjoyNzAwMDAwMDAwMDAwLCJkZWxldGUiOjI3MDAwMDAwMDAwMDAsInJlYWQiOjMwMDAwMDAwMDAwMCwidXBkYXRlIjoyNzAwMDAwMDAwMDAwfX0=",
          "dependencies": [
            "module.network_interface.azurerm_network_interface.nic",
            "module.network_interface.data.azurerm_subnet.subnet",
            "module.resource_group.azurerm_resource_group.rg",
            "module.subnet.azurerm_subnet.subnet",
            "module.virtual_machine.data.azurerm_network_interface.nic",
            "module.virtual_network.azurerm_virtual_network.vnet"
          ]
        }
      ]
    },
    {
      "module": "module.virtual_network",
      "mode": "managed",
      "type": "azurerm_virtual_network",
      "name": "vnet",
      "provider": "provider[\"registry.terraform.io/hashicorp/azurerm\"]",
      "instances": [
        {
          "index_key": "vnet1",
          "schema_version": 0,
          "attributes": {
            "address_space": [
              "10.0.0.0/16"
            ],
            "bgp_community": "",
            "ddos_protection_plan": [],
            "dns_servers": [],
            "edge_zone": "",
            "encryption": [],
            "flow_timeout_in_minutes": 0,
            "guid": "b114844b-031b-4f28-ad77-51a015d97e21",
            "id": "/subscriptions/02e2bf71-710c-4170-b8d6-c0cf2ca7551b/resourceGroups/mehar_app-rg/providers/Microsoft.Network/virtualNetworks/meharVnet",
            "ip_address_pool": [],
            "location": "eastus",
            "name": "meharVnet",
            "private_endpoint_vnet_policies": "Disabled",
            "resource_group_name": "mehar_app-rg",
            "subnet": [
              {
                "address_prefixes": [
                  "10.0.0.0/24"
                ],
                "default_outbound_access_enabled": true,
                "delegation": [],
                "id": "/subscriptions/02e2bf71-710c-4170-b8d6-c0cf2ca7551b/resourceGroups/mehar_app-rg/providers/Microsoft.Network/virtualNetworks/meharVnet/subnets/meharsubnet1",
                "name": "meharsubnet1",
                "private_endpoint_network_policies": "Disabled",
                "private_link_service_network_policies_enabled": true,
                "route_table_id": "",
                "security_group": "",
                "service_endpoint_policy_ids": [],
                "service_endpoints": []
              },
              {
                "address_prefixes": [
                  "10.0.1.0/24"
                ],
                "default_outbound_access_enabled": true,
                "delegation": [],
                "id": "/subscriptions/02e2bf71-710c-4170-b8d6-c0cf2ca7551b/resourceGroups/mehar_app-rg/providers/Microsoft.Network/virtualNetworks/meharVnet/subnets/meharsubnet2",
                "name": "meharsubnet2",
                "private_endpoint_network_policies": "Disabled",
                "private_link_service_network_policies_enabled": true,
                "route_table_id": "",
                "security_group": "",
                "service_endpoint_policy_ids": [],
                "service_endpoints": []
              },
              {
                "address_prefixes": [
                  "10.0.3.0/27"
                ],
                "default_outbound_access_enabled": true,
                "delegation": [],
                "id": "/subscriptions/02e2bf71-710c-4170-b8d6-c0cf2ca7551b/resourceGroups/mehar_app-rg/providers/Microsoft.Network/virtualNetworks/meharVnet/subnets/AzureBastionSubnet",
                "name": "AzureBastionSubnet",
                "private_endpoint_network_policies": "Disabled",
                "private_link_service_network_policies_enabled": true,
                "route_table_id": "",
                "security_group": "",
                "service_endpoint_policy_ids": [],
                "service_endpoints": []
              }
            ],
            "tags": {},
            "timeouts": null
          },
          "sensitive_attributes": [],
          "identity_schema_version": 0,
          "private": "eyJlMmJmYjczMC1lY2FhLTExZTYtOGY4OC0zNDM2M2JjN2M0YzAiOnsiY3JlYXRlIjoxODAwMDAwMDAwMDAwLCJkZWxldGUiOjE4MDAwMDAwMDAwMDAsInJlYWQiOjMwMDAwMDAwMDAwMCwidXBkYXRlIjoxODAwMDAwMDAwMDAwfX0=",
          "dependencies": [
            "module.resource_group.azurerm_resource_group.rg"
          ]
        }
      ]
    }
  ],
  "check_results": null
}
